// !$*UTF8*$!
{
	archiveVersion = 1;
	classes = {
	};
	objectVersion = 46;
	objects = {

/* Begin PBXBuildFile section */
		17E3C22C1CB4A37900806815 /* main.m in Sources */ = {isa = PBXBuildFile; fileRef = 17E3C22B1CB4A37900806815 /* main.m */; };
		17E3C22F1CB4A37900806815 /* AppDelegate.m in Sources */ = {isa = PBXBuildFile; fileRef = 17E3C22E1CB4A37900806815 /* AppDelegate.m */; };
		17E3C2321CB4A37900806815 /* ViewController.m in Sources */ = {isa = PBXBuildFile; fileRef = 17E3C2311CB4A37900806815 /* ViewController.m */; };
		17E3C2351CB4A37900806815 /* Main.storyboard in Resources */ = {isa = PBXBuildFile; fileRef = 17E3C2331CB4A37900806815 /* Main.storyboard */; };
		17E3C2371CB4A37900806815 /* Assets.xcassets in Resources */ = {isa = PBXBuildFile; fileRef = 17E3C2361CB4A37900806815 /* Assets.xcassets */; };
		17E3C23A1CB4A37900806815 /* LaunchScreen.storyboard in Resources */ = {isa = PBXBuildFile; fileRef = 17E3C2381CB4A37900806815 /* LaunchScreen.storyboard */; };
		17E3C2451CB4A37900806815 /* JPushTestDemoTests.m in Sources */ = {isa = PBXBuildFile; fileRef = 17E3C2441CB4A37900806815 /* JPushTestDemoTests.m */; };
		17E3C2501CB4A37900806815 /* JPushTestDemoUITests.m in Sources */ = {isa = PBXBuildFile; fileRef = 17E3C24F1CB4A37900806815 /* JPushTestDemoUITests.m */; };
		17E3C2601CB4A6ED00806815 /* jpush-ios-2.1.0.a in Frameworks */ = {isa = PBXBuildFile; fileRef = 17E3C25E1CB4A6ED00806815 /* jpush-ios-2.1.0.a */; };
		17E3C2621CB4A70800806815 /* CFNetwork.framework in Frameworks */ = {isa = PBXBuildFile; fileRef = 17E3C2611CB4A70800806815 /* CFNetwork.framework */; };
		17E3C2641CB4A71100806815 /* CoreFoundation.framework in Frameworks */ = {isa = PBXBuildFile; fileRef = 17E3C2631CB4A71100806815 /* CoreFoundation.framework */; };
		17E3C2661CB4A71A00806815 /* CoreTelephony.framework in Frameworks */ = {isa = PBXBuildFile; fileRef = 17E3C2651CB4A71A00806815 /* CoreTelephony.framework */; };
		17E3C2681CB4A72200806815 /* SystemConfiguration.framework in Frameworks */ = {isa = PBXBuildFile; fileRef = 17E3C2671CB4A72200806815 /* SystemConfiguration.framework */; };
		17E3C26A1CB4A72A00806815 /* CoreGraphics.framework in Frameworks */ = {isa = PBXBuildFile; fileRef = 17E3C2691CB4A72A00806815 /* CoreGraphics.framework */; };
		17E3C26C1CB4A73200806815 /* Foundation.framework in Frameworks */ = {isa = PBXBuildFile; fileRef = 17E3C26B1CB4A73200806815 /* Foundation.framework */; };
		17E3C26E1CB4A73800806815 /* UIKit.framework in Frameworks */ = {isa = PBXBuildFile; fileRef = 17E3C26D1CB4A73800806815 /* UIKit.framework */; };
		17E3C2701CB4A73E00806815 /* Security.framework in Frameworks */ = {isa = PBXBuildFile; fileRef = 17E3C26F1CB4A73E00806815 /* Security.framework */; };
		17E3C2721CB4A74800806815 /* libz.tbd in Frameworks */ = {isa = PBXBuildFile; fileRef = 17E3C2711CB4A74800806815 /* libz.tbd */; };
		17E3C2751CB4BCE000806815 /* BaseViewController.m in Sources */ = {isa = PBXBuildFile; fileRef = 17E3C2741CB4BCE000806815 /* BaseViewController.m */; };
		17E3C2781CB4BD4C00806815 /* PropareViewController.m in Sources */ = {isa = PBXBuildFile; fileRef = 17E3C2771CB4BD4C00806815 /* PropareViewController.m */; };
		17E3C27C1CB4BEE700806815 /* FirstViewController.m in Sources */ = {isa = PBXBuildFile; fileRef = 17E3C27B1CB4BEE700806815 /* FirstViewController.m */; };
		17E3C27F1CB4BFDA00806815 /* TwoViewController.m in Sources */ = {isa = PBXBuildFile; fileRef = 17E3C27E1CB4BFDA00806815 /* TwoViewController.m */; };
/* End PBXBuildFile section */

/* Begin PBXContainerItemProxy section */
		17E3C2411CB4A37900806815 /* PBXContainerItemProxy */ = {
			isa = PBXContainerItemProxy;
			containerPortal = 17E3C21F1CB4A37900806815 /* Project object */;
			proxyType = 1;
			remoteGlobalIDString = 17E3C2261CB4A37900806815;
			remoteInfo = JPushTestDemo;
		};
		17E3C24C1CB4A37900806815 /* PBXContainerItemProxy */ = {
			isa = PBXContainerItemProxy;
			containerPortal = 17E3C21F1CB4A37900806815 /* Project object */;
			proxyType = 1;
			remoteGlobalIDString = 17E3C2261CB4A37900806815;
			remoteInfo = JPushTestDemo;
		};
/* End PBXContainerItemProxy section */

/* Begin PBXFileReference section */
		17E3C2271CB4A37900806815 /* JPushTestDemo.app */ = {isa = PBXFileReference; explicitFileType = wrapper.application; includeInIndex = 0; path = JPushTestDemo.app; sourceTree = BUILT_PRODUCTS_DIR; };
		17E3C22B1CB4A37900806815 /* main.m */ = {isa = PBXFileReference; lastKnownFileType = sourcecode.c.objc; path = main.m; sourceTree = "<group>"; };
		17E3C22D1CB4A37900806815 /* AppDelegate.h */ = {isa = PBXFileReference; lastKnownFileType = sourcecode.c.h; path = AppDelegate.h; sourceTree = "<group>"; };
		17E3C22E1CB4A37900806815 /* AppDelegate.m */ = {isa = PBXFileReference; lastKnownFileType = sourcecode.c.objc; path = AppDelegate.m; sourceTree = "<group>"; };
		17E3C2301CB4A37900806815 /* ViewController.h */ = {isa = PBXFileReference; lastKnownFileType = sourcecode.c.h; path = ViewController.h; sourceTree = "<group>"; };
		17E3C2311CB4A37900806815 /* ViewController.m */ = {isa = PBXFileReference; lastKnownFileType = sourcecode.c.objc; path = ViewController.m; sourceTree = "<group>"; };
		17E3C2341CB4A37900806815 /* Base */ = {isa = PBXFileReference; lastKnownFileType = file.storyboard; name = Base; path = Base.lproj/Main.storyboard; sourceTree = "<group>"; };
		17E3C2361CB4A37900806815 /* Assets.xcassets */ = {isa = PBXFileReference; lastKnownFileType = folder.assetcatalog; path = Assets.xcassets; sourceTree = "<group>"; };
		17E3C2391CB4A37900806815 /* Base */ = {isa = PBXFileReference; lastKnownFileType = file.storyboard; name = Base; path = Base.lproj/LaunchScreen.storyboard; sourceTree = "<group>"; };
		17E3C23B1CB4A37900806815 /* Info.plist */ = {isa = PBXFileReference; lastKnownFileType = text.plist.xml; path = Info.plist; sourceTree = "<group>"; };
		17E3C2401CB4A37900806815 /* JPushTestDemoTests.xctest */ = {isa = PBXFileReference; explicitFileType = wrapper.cfbundle; includeInIndex = 0; path = JPushTestDemoTests.xctest; sourceTree = BUILT_PRODUCTS_DIR; };
		17E3C2441CB4A37900806815 /* JPushTestDemoTests.m */ = {isa = PBXFileReference; lastKnownFileType = sourcecode.c.objc; path = JPushTestDemoTests.m; sourceTree = "<group>"; };
		17E3C2461CB4A37900806815 /* Info.plist */ = {isa = PBXFileReference; lastKnownFileType = text.plist.xml; path = Info.plist; sourceTree = "<group>"; };
		17E3C24B1CB4A37900806815 /* JPushTestDemoUITests.xctest */ = {isa = PBXFileReference; explicitFileType = wrapper.cfbundle; includeInIndex = 0; path = JPushTestDemoUITests.xctest; sourceTree = BUILT_PRODUCTS_DIR; };
		17E3C24F1CB4A37900806815 /* JPushTestDemoUITests.m */ = {isa = PBXFileReference; lastKnownFileType = sourcecode.c.objc; path = JPushTestDemoUITests.m; sourceTree = "<group>"; };
		17E3C2511CB4A37900806815 /* Info.plist */ = {isa = PBXFileReference; lastKnownFileType = text.plist.xml; path = Info.plist; sourceTree = "<group>"; };
		17E3C25E1CB4A6ED00806815 /* jpush-ios-2.1.0.a */ = {isa = PBXFileReference; lastKnownFileType = archive.ar; path = "jpush-ios-2.1.0.a"; sourceTree = "<group>"; };
		17E3C25F1CB4A6ED00806815 /* JPUSHService.h */ = {isa = PBXFileReference; fileEncoding = 4; lastKnownFileType = sourcecode.c.h; path = JPUSHService.h; sourceTree = "<group>"; };
		17E3C2611CB4A70800806815 /* CFNetwork.framework */ = {isa = PBXFileReference; lastKnownFileType = wrapper.framework; name = CFNetwork.framework; path = System/Library/Frameworks/CFNetwork.framework; sourceTree = SDKROOT; };
		17E3C2631CB4A71100806815 /* CoreFoundation.framework */ = {isa = PBXFileReference; lastKnownFileType = wrapper.framework; name = CoreFoundation.framework; path = System/Library/Frameworks/CoreFoundation.framework; sourceTree = SDKROOT; };
		17E3C2651CB4A71A00806815 /* CoreTelephony.framework */ = {isa = PBXFileReference; lastKnownFileType = wrapper.framework; name = CoreTelephony.framework; path = System/Library/Frameworks/CoreTelephony.framework; sourceTree = SDKROOT; };
		17E3C2671CB4A72200806815 /* SystemConfiguration.framework */ = {isa = PBXFileReference; lastKnownFileType = wrapper.framework; name = SystemConfiguration.framework; path = System/Library/Frameworks/SystemConfiguration.framework; sourceTree = SDKROOT; };
		17E3C2691CB4A72A00806815 /* CoreGraphics.framework */ = {isa = PBXFileReference; lastKnownFileType = wrapper.framework; name = CoreGraphics.framework; path = System/Library/Frameworks/CoreGraphics.framework; sourceTree = SDKROOT; };
		17E3C26B1CB4A73200806815 /* Foundation.framework */ = {isa = PBXFileReference; lastKnownFileType = wrapper.framework; name = Foundation.framework; path = System/Library/Frameworks/Foundation.framework; sourceTree = SDKROOT; };
		17E3C26D1CB4A73800806815 /* UIKit.framework */ = {isa = PBXFileReference; lastKnownFileType = wrapper.framework; name = UIKit.framework; path = System/Library/Frameworks/UIKit.framework; sourceTree = SDKROOT; };
		17E3C26F1CB4A73E00806815 /* Security.framework */ = {isa = PBXFileReference; lastKnownFileType = wrapper.framework; name = Security.framework; path = System/Library/Frameworks/Security.framework; sourceTree = SDKROOT; };
		17E3C2711CB4A74800806815 /* libz.tbd */ = {isa = PBXFileReference; lastKnownFileType = "sourcecode.text-based-dylib-definition"; name = libz.tbd; path = usr/lib/libz.tbd; sourceTree = SDKROOT; };
		17E3C2731CB4BCE000806815 /* BaseViewController.h */ = {isa = PBXFileReference; fileEncoding = 4; lastKnownFileType = sourcecode.c.h; name = BaseViewController.h; path = JPushLib/BaseViewController.h; sourceTree = "<group>"; };
		17E3C2741CB4BCE000806815 /* BaseViewController.m */ = {isa = PBXFileReference; fileEncoding = 4; lastKnownFileType = sourcecode.c.objc; name = BaseViewController.m; path = JPushLib/BaseViewController.m; sourceTree = "<group>"; };
		17E3C2761CB4BD4C00806815 /* PropareViewController.h */ = {isa = PBXFileReference; fileEncoding = 4; lastKnownFileType = sourcecode.c.h; path = PropareViewController.h; sourceTree = "<group>"; };
		17E3C2771CB4BD4C00806815 /* PropareViewController.m */ = {isa = PBXFileReference; fileEncoding = 4; lastKnownFileType = sourcecode.c.objc; path = PropareViewController.m; sourceTree = "<group>"; };
		17E3C27A1CB4BEE700806815 /* FirstViewController.h */ = {isa = PBXFileReference; fileEncoding = 4; lastKnownFileType = sourcecode.c.h; path = FirstViewController.h; sourceTree = "<group>"; };
		17E3C27B1CB4BEE700806815 /* FirstViewController.m */ = {isa = PBXFileReference; fileEncoding = 4; lastKnownFileType = sourcecode.c.objc; path = FirstViewController.m; sourceTree = "<group>"; };
		17E3C27D1CB4BFDA00806815 /* TwoViewController.h */ = {isa = PBXFileReference; fileEncoding = 4; lastKnownFileType = sourcecode.c.h; path = TwoViewController.h; sourceTree = "<group>"; };
		17E3C27E1CB4BFDA00806815 /* TwoViewController.m */ = {isa = PBXFileReference; fileEncoding = 4; lastKnownFileType = sourcecode.c.objc; path = TwoViewController.m; sourceTree = "<group>"; };
/* End PBXFileReference section */

/* Begin PBXFrameworksBuildPhase section */
		17E3C2241CB4A37900806815 /* Frameworks */ = {
			isa = PBXFrameworksBuildPhase;
			buildActionMask = 2147483647;
			files = (
				17E3C2721CB4A74800806815 /* libz.tbd in Frameworks */,
				17E3C2701CB4A73E00806815 /* Security.framework in Frameworks */,
				17E3C26E1CB4A73800806815 /* UIKit.framework in Frameworks */,
				17E3C26C1CB4A73200806815 /* Foundation.framework in Frameworks */,
				17E3C26A1CB4A72A00806815 /* CoreGraphics.framework in Frameworks */,
				17E3C2681CB4A72200806815 /* SystemConfiguration.framework in Frameworks */,
				17E3C2661CB4A71A00806815 /* CoreTelephony.framework in Frameworks */,
				17E3C2641CB4A71100806815 /* CoreFoundation.framework in Frameworks */,
				17E3C2621CB4A70800806815 /* CFNetwork.framework in Frameworks */,
				17E3C2601CB4A6ED00806815 /* jpush-ios-2.1.0.a in Frameworks */,
			);
			runOnlyForDeploymentPostprocessing = 0;
		};
		17E3C23D1CB4A37900806815 /* Frameworks */ = {
			isa = PBXFrameworksBuildPhase;
			buildActionMask = 2147483647;
			files = (
			);
			runOnlyForDeploymentPostprocessing = 0;
		};
		17E3C2481CB4A37900806815 /* Frameworks */ = {
			isa = PBXFrameworksBuildPhase;
			buildActionMask = 2147483647;
			files = (
			);
			runOnlyForDeploymentPostprocessing = 0;
		};
/* End PBXFrameworksBuildPhase section */

/* Begin PBXGroup section */
		17E3C21E1CB4A37900806815 = {
			isa = PBXGroup;
			children = (
				17E3C2711CB4A74800806815 /* libz.tbd */,
				17E3C26F1CB4A73E00806815 /* Security.framework */,
				17E3C26D1CB4A73800806815 /* UIKit.framework */,
				17E3C26B1CB4A73200806815 /* Foundation.framework */,
				17E3C2691CB4A72A00806815 /* CoreGraphics.framework */,
				17E3C2671CB4A72200806815 /* SystemConfiguration.framework */,
				17E3C2651CB4A71A00806815 /* CoreTelephony.framework */,
				17E3C2631CB4A71100806815 /* CoreFoundation.framework */,
				17E3C2611CB4A70800806815 /* CFNetwork.framework */,
				17E3C2291CB4A37900806815 /* JPushTestDemo */,
				17E3C2431CB4A37900806815 /* JPushTestDemoTests */,
				17E3C24E1CB4A37900806815 /* JPushTestDemoUITests */,
				17E3C2281CB4A37900806815 /* Products */,
			);
			sourceTree = "<group>";
		};
		17E3C2281CB4A37900806815 /* Products */ = {
			isa = PBXGroup;
			children = (
				17E3C2271CB4A37900806815 /* JPushTestDemo.app */,
				17E3C2401CB4A37900806815 /* JPushTestDemoTests.xctest */,
				17E3C24B1CB4A37900806815 /* JPushTestDemoUITests.xctest */,
			);
			name = Products;
			sourceTree = "<group>";
		};
		17E3C2291CB4A37900806815 /* JPushTestDemo */ = {
			isa = PBXGroup;
			children = (
				17E3C25D1CB4A6ED00806815 /* JPushLib */,
				17E3C22D1CB4A37900806815 /* AppDelegate.h */,
				17E3C22E1CB4A37900806815 /* AppDelegate.m */,
				17E3C2301CB4A37900806815 /* ViewController.h */,
				17E3C2311CB4A37900806815 /* ViewController.m */,
				17E3C2731CB4BCE000806815 /* BaseViewController.h */,
				17E3C2741CB4BCE000806815 /* BaseViewController.m */,
				17E3C2761CB4BD4C00806815 /* PropareViewController.h */,
				17E3C2771CB4BD4C00806815 /* PropareViewController.m */,
				17E3C2791CB4BECD00806815 /* 测试 */,
				17E3C2331CB4A37900806815 /* Main.storyboard */,
				17E3C2361CB4A37900806815 /* Assets.xcassets */,
				17E3C2381CB4A37900806815 /* LaunchScreen.storyboard */,
				17E3C23B1CB4A37900806815 /* Info.plist */,
				17E3C22A1CB4A37900806815 /* Supporting Files */,
			);
			path = JPushTestDemo;
			sourceTree = "<group>";
		};
		17E3C22A1CB4A37900806815 /* Supporting Files */ = {
			isa = PBXGroup;
			children = (
				17E3C22B1CB4A37900806815 /* main.m */,
			);
			name = "Supporting Files";
			sourceTree = "<group>";
		};
		17E3C2431CB4A37900806815 /* JPushTestDemoTests */ = {
			isa = PBXGroup;
			children = (
				17E3C2441CB4A37900806815 /* JPushTestDemoTests.m */,
				17E3C2461CB4A37900806815 /* Info.plist */,
			);
			path = JPushTestDemoTests;
			sourceTree = "<group>";
		};
		17E3C24E1CB4A37900806815 /* JPushTestDemoUITests */ = {
			isa = PBXGroup;
			children = (
				17E3C24F1CB4A37900806815 /* JPushTestDemoUITests.m */,
				17E3C2511CB4A37900806815 /* Info.plist */,
			);
			path = JPushTestDemoUITests;
			sourceTree = "<group>";
		};
		17E3C25D1CB4A6ED00806815 /* JPushLib */ = {
			isa = PBXGroup;
			children = (
				17E3C25E1CB4A6ED00806815 /* jpush-ios-2.1.0.a */,
				17E3C25F1CB4A6ED00806815 /* JPUSHService.h */,
			);
			path = JPushLib;
			sourceTree = "<group>";
		};
		17E3C2791CB4BECD00806815 /* 测试 */ = {
			isa = PBXGroup;
			children = (
				17E3C27A1CB4BEE700806815 /* FirstViewController.h */,
				17E3C27B1CB4BEE700806815 /* FirstViewController.m */,
				17E3C27D1CB4BFDA00806815 /* TwoViewController.h */,
				17E3C27E1CB4BFDA00806815 /* TwoViewController.m */,
			);
			name = "测试";
			sourceTree = "<group>";
		};
/* End PBXGroup section */

/* Begin PBXNativeTarget section */
		17E3C2261CB4A37900806815 /* JPushTestDemo */ = {
			isa = PBXNativeTarget;
			buildConfigurationList = 17E3C2541CB4A37900806815 /* Build configuration list for PBXNativeTarget "JPushTestDemo" */;
			buildPhases = (
				17E3C2231CB4A37900806815 /* Sources */,
				17E3C2241CB4A37900806815 /* Frameworks */,
				17E3C2251CB4A37900806815 /* Resources */,
			);
			buildRules = (
			);
			dependencies = (
			);
			name = JPushTestDemo;
			productName = JPushTestDemo;
			productReference = 17E3C2271CB4A37900806815 /* JPushTestDemo.app */;
			productType = "com.apple.product-type.application";
		};
		17E3C23F1CB4A37900806815 /* JPushTestDemoTests */ = {
			isa = PBXNativeTarget;
			buildConfigurationList = 17E3C2571CB4A37900806815 /* Build configuration list for PBXNativeTarget "JPushTestDemoTests" */;
			buildPhases = (
				17E3C23C1CB4A37900806815 /* Sources */,
				17E3C23D1CB4A37900806815 /* Frameworks */,
				17E3C23E1CB4A37900806815 /* Resources */,
			);
			buildRules = (
			);
			dependencies = (
				17E3C2421CB4A37900806815 /* PBXTargetDependency */,
			);
			name = JPushTestDemoTests;
			productName = JPushTestDemoTests;
			productReference = 17E3C2401CB4A37900806815 /* JPushTestDemoTests.xctest */;
			productType = "com.apple.product-type.bundle.unit-test";
		};
		17E3C24A1CB4A37900806815 /* JPushTestDemoUITests */ = {
			isa = PBXNativeTarget;
			buildConfigurationList = 17E3C25A1CB4A37900806815 /* Build configuration list for PBXNativeTarget "JPushTestDemoUITests" */;
			buildPhases = (
				17E3C2471CB4A37900806815 /* Sources */,
				17E3C2481CB4A37900806815 /* Frameworks */,
				17E3C2491CB4A37900806815 /* Resources */,
			);
			buildRules = (
			);
			dependencies = (
				17E3C24D1CB4A37900806815 /* PBXTargetDependency */,
			);
			name = JPushTestDemoUITests;
			productName = JPushTestDemoUITests;
			productReference = 17E3C24B1CB4A37900806815 /* JPushTestDemoUITests.xctest */;
			productType = "com.apple.product-type.bundle.ui-testing";
		};
/* End PBXNativeTarget section */

/* Begin PBXProject section */
		17E3C21F1CB4A37900806815 /* Project object */ = {
			isa = PBXProject;
			attributes = {
				LastUpgradeCheck = 0730;
				ORGANIZATIONNAME = wufeiyue;
				TargetAttributes = {
					17E3C2261CB4A37900806815 = {
						CreatedOnToolsVersion = 7.3;
					};
					17E3C23F1CB4A37900806815 = {
						CreatedOnToolsVersion = 7.3;
						TestTargetID = 17E3C2261CB4A37900806815;
					};
					17E3C24A1CB4A37900806815 = {
						CreatedOnToolsVersion = 7.3;
						TestTargetID = 17E3C2261CB4A37900806815;
					};
				};
			};
			buildConfigurationList = 17E3C2221CB4A37900806815 /* Build configuration list for PBXProject "JPushTestDemo" */;
			compatibilityVersion = "Xcode 3.2";
			developmentRegion = English;
			hasScannedForEncodings = 0;
			knownRegions = (
				en,
				Base,
			);
			mainGroup = 17E3C21E1CB4A37900806815;
			productRefGroup = 17E3C2281CB4A37900806815 /* Products */;
			projectDirPath = "";
			projectRoot = "";
			targets = (
				17E3C2261CB4A37900806815 /* JPushTestDemo */,
				17E3C23F1CB4A37900806815 /* JPushTestDemoTests */,
				17E3C24A1CB4A37900806815 /* JPushTestDemoUITests */,
			);
		};
/* End PBXProject section */

/* Begin PBXResourcesBuildPhase section */
		17E3C2251CB4A37900806815 /* Resources */ = {
			isa = PBXResourcesBuildPhase;
			buildActionMask = 2147483647;
			files = (
				17E3C23A1CB4A37900806815 /* LaunchScreen.storyboard in Resources */,
				17E3C2371CB4A37900806815 /* Assets.xcassets in Resources */,
				17E3C2351CB4A37900806815 /* Main.storyboard in Resources */,
			);
			runOnlyForDeploymentPostprocessing = 0;
		};
		17E3C23E1CB4A37900806815 /* Resources */ = {
			isa = PBXResourcesBuildPhase;
			buildActionMask = 2147483647;
			files = (
			);
			runOnlyForDeploymentPostprocessing = 0;
		};
		17E3C2491CB4A37900806815 /* Resources */ = {
			isa = PBXResourcesBuildPhase;
			buildActionMask = 2147483647;
			files = (
			);
			runOnlyForDeploymentPostprocessing = 0;
		};
/* End PBXResourcesBuildPhase section */

/* Begin PBXSourcesBuildPhase section */
		17E3C2231CB4A37900806815 /* Sources */ = {
			isa = PBXSourcesBuildPhase;
			buildActionMask = 2147483647;
			files = (
				17E3C27F1CB4BFDA00806815 /* TwoViewController.m in Sources */,
				17E3C2781CB4BD4C00806815 /* PropareViewController.m in Sources */,
				17E3C27C1CB4BEE700806815 /* FirstViewController.m in Sources */,
				17E3C2321CB4A37900806815 /* ViewController.m in Sources */,
				17E3C2751CB4BCE000806815 /* BaseViewController.m in Sources */,
				17E3C22F1CB4A37900806815 /* AppDelegate.m in Sources */,
				17E3C22C1CB4A37900806815 /* main.m in Sources */,
			);
			runOnlyForDeploymentPostprocessing = 0;
		};
		17E3C23C1CB4A37900806815 /* Sources */ = {
			isa = PBXSourcesBuildPhase;
			buildActionMask = 2147483647;
			files = (
				17E3C2451CB4A37900806815 /* JPushTestDemoTests.m in Sources */,
			);
			runOnlyForDeploymentPostprocessing = 0;
		};
		17E3C2471CB4A37900806815 /* Sources */ = {
			isa = PBXSourcesBuildPhase;
			buildActionMask = 2147483647;
			files = (
				17E3C2501CB4A37900806815 /* JPushTestDemoUITests.m in Sources */,
			);
			runOnlyForDeploymentPostprocessing = 0;
		};
/* End PBXSourcesBuildPhase section */

/* Begin PBXTargetDependency section */
		17E3C2421CB4A37900806815 /* PBXTargetDependency */ = {
			isa = PBXTargetDependency;
			target = 17E3C2261CB4A37900806815 /* JPushTestDemo */;
			targetProxy = 17E3C2411CB4A37900806815 /* PBXContainerItemProxy */;
		};
		17E3C24D1CB4A37900806815 /* PBXTargetDependency */ = {
			isa = PBXTargetDependency;
			target = 17E3C2261CB4A37900806815 /* JPushTestDemo */;
			targetProxy = 17E3C24C1CB4A37900806815 /* PBXContainerItemProxy */;
		};
/* End PBXTargetDependency section */

/* Begin PBXVariantGroup section */
		17E3C2331CB4A37900806815 /* Main.storyboard */ = {
			isa = PBXVariantGroup;
			children = (
				17E3C2341CB4A37900806815 /* Base */,
			);
			name = Main.storyboard;
			sourceTree = "<group>";
		};
		17E3C2381CB4A37900806815 /* LaunchScreen.storyboard */ = {
			isa = PBXVariantGroup;
			children = (
				17E3C2391CB4A37900806815 /* Base */,
			);
			name = LaunchScreen.storyboard;
			sourceTree = "<group>";
		};
/* End PBXVariantGroup section */

/* Begin XCBuildConfiguration section */
		17E3C2521CB4A37900806815 /* Debug */ = {
			isa = XCBuildConfiguration;
			buildSettings = {
				ALWAYS_SEARCH_USER_PATHS = NO;
				CLANG_ANALYZER_NONNULL = YES;
				CLANG_CXX_LANGUAGE_STANDARD = "gnu++0x";
				CLANG_CXX_LIBRARY = "libc++";
				CLANG_ENABLE_MODULES = YES;
				CLANG_ENABLE_OBJC_ARC = YES;
				CLANG_WARN_BOOL_CONVERSION = YES;
				CLANG_WARN_CONSTANT_CONVERSION = YES;
				CLANG_WARN_DIRECT_OBJC_ISA_USAGE = YES_ERROR;
				CLANG_WARN_EMPTY_BODY = YES;
				CLANG_WARN_ENUM_CONVERSION = YES;
				CLANG_WARN_INT_CONVERSION = YES;
				CLANG_WARN_OBJC_ROOT_CLASS = YES_ERROR;
				CLANG_WARN_UNREACHABLE_CODE = YES;
				CLANG_WARN__DUPLICATE_METHOD_MATCH = YES;
				"CODE_SIGN_IDENTITY[sdk=iphoneos*]" = "iPhone Developer";
				COPY_PHASE_STRIP = NO;
				DEBUG_INFORMATION_FORMAT = dwarf;
				ENABLE_STRICT_OBJC_MSGSEND = YES;
				ENABLE_TESTABILITY = YES;
				GCC_C_LANGUAGE_STANDARD = gnu99;
				GCC_DYNAMIC_NO_PIC = NO;
				GCC_NO_COMMON_BLOCKS = YES;
				GCC_OPTIMIZATION_LEVEL = 0;
				GCC_PREPROCESSOR_DEFINITIONS = (
					"DEBUG=1",
					"$(inherited)",
				);
				GCC_WARN_64_TO_32_BIT_CONVERSION = YES;
				GCC_WARN_ABOUT_RETURN_TYPE = YES_ERROR;
				GCC_WARN_UNDECLARED_SELECTOR = YES;
				GCC_WARN_UNINITIALIZED_AUTOS = YES_AGGRESSIVE;
				GCC_WARN_UNUSED_FUNCTION = YES;
				GCC_WARN_UNUSED_VARIABLE = YES;
				IPHONEOS_DEPLOYMENT_TARGET = 9.3;
				MTL_ENABLE_DEBUG_INFO = YES;
				ONLY_ACTIVE_ARCH = YES;
				SDKROOT = iphoneos;
			};
			name = Debug;
		};
		17E3C2531CB4A37900806815 /* Release */ = {
			isa = XCBuildConfiguration;
			buildSettings = {
				ALWAYS_SEARCH_USER_PATHS = NO;
				CLANG_ANALYZER_NONNULL = YES;
				CLANG_CXX_LANGUAGE_STANDARD = "gnu++0x";
				CLANG_CXX_LIBRARY = "libc++";
				CLANG_ENABLE_MODULES = YES;
				CLANG_ENABLE_OBJC_ARC = YES;
				CLANG_WARN_BOOL_CONVERSION = YES;
				CLANG_WARN_CONSTANT_CONVERSION = YES;
				CLANG_WARN_DIRECT_OBJC_ISA_USAGE = YES_ERROR;
				CLANG_WARN_EMPTY_BODY = YES;
				CLANG_WARN_ENUM_CONVERSION = YES;
				CLANG_WARN_INT_CONVERSION = YES;
				CLANG_WARN_OBJC_ROOT_CLASS = YES_ERROR;
				CLANG_WARN_UNREACHABLE_CODE = YES;
				CLANG_WARN__DUPLICATE_METHOD_MATCH = YES;
				"CODE_SIGN_IDENTITY[sdk=iphoneos*]" = "iPhone Developer";
				COPY_PHASE_STRIP = NO;
				DEBUG_INFORMATION_FORMAT = "dwarf-with-dsym";
				ENABLE_NS_ASSERTIONS = NO;
				ENABLE_STRICT_OBJC_MSGSEND = YES;
				GCC_C_LANGUAGE_STANDARD = gnu99;
				GCC_NO_COMMON_BLOCKS = YES;
				GCC_WARN_64_TO_32_BIT_CONVERSION = YES;
				GCC_WARN_ABOUT_RETURN_TYPE = YES_ERROR;
				GCC_WARN_UNDECLARED_SELECTOR = YES;
				GCC_WARN_UNINITIALIZED_AUTOS = YES_AGGRESSIVE;
				GCC_WARN_UNUSED_FUNCTION = YES;
				GCC_WARN_UNUSED_VARIABLE = YES;
				IPHONEOS_DEPLOYMENT_TARGET = 9.3;
				MTL_ENABLE_DEBUG_INFO = NO;
				SDKROOT = iphoneos;
				VALIDATE_PRODUCT = YES;
			};
			name = Release;
		};
		17E3C2551CB4A37900806815 /* Debug */ = {
			isa = XCBuildConfiguration;
			buildSettings = {
				ASSETCATALOG_COMPILER_APPICON_NAME = AppIcon;
				INFOPLIST_FILE = JPushTestDemo/Info.plist;
				IPHONEOS_DEPLOYMENT_TARGET = 7.1;
				LD_RUNPATH_SEARCH_PATHS = "$(inherited) @executable_path/Frameworks";
				LIBRARY_SEARCH_PATHS = (
					"$(inherited)",
					"$(PROJECT_DIR)/JPushTestDemo/JPushLib",
				);
				PRODUCT_BUNDLE_IDENTIFIER = com.xueyibao.student;
				PRODUCT_NAME = "$(TARGET_NAME)";
			};
			name = Debug;
		};
		17E3C2561CB4A37900806815 /* Release */ = {
			isa = XCBuildConfiguration;
			buildSettings = {
				ASSETCATALOG_COMPILER_APPICON_NAME = AppIcon;
				INFOPLIST_FILE = JPushTestDemo/Info.plist;
				IPHONEOS_DEPLOYMENT_TARGET = 7.1;
				LD_RUNPATH_SEARCH_PATHS = "$(inherited) @executable_path/Frameworks";
				LIBRARY_SEARCH_PATHS = (
					"$(inherited)",
					"$(PROJECT_DIR)/JPushTestDemo/JPushLib",
				);
				PRODUCT_BUNDLE_IDENTIFIER = com.xueyibao.student;
				PRODUCT_NAME = "$(TARGET_NAME)";
			};
			name = Release;
		};
		17E3C2581CB4A37900806815 /* Debug */ = {
			isa = XCBuildConfiguration;
			buildSettings = {
				BUNDLE_LOADER = "$(TEST_HOST)";
				INFOPLIST_FILE = JPushTestDemoTests/Info.plist;
				LD_RUNPATH_SEARCH_PATHS = "$(inherited) @executable_path/Frameworks @loader_path/Frameworks";
				PRODUCT_BUNDLE_IDENTIFIER = com.naerren.JPushTestDemoTests;
				PRODUCT_NAME = "$(TARGET_NAME)";
				TEST_HOST = "$(BUILT_PRODUCTS_DIR)/JPushTestDemo.app/JPushTestDemo";
			};
			name = Debug;
		};
		17E3C2591CB4A37900806815 /* Release */ = {
			isa = XCBuildConfiguration;
			buildSettings = {
				BUNDLE_LOADER = "$(TEST_HOST)";
				INFOPLIST_FILE = JPushTestDemoTests/Info.plist;
				LD_RUNPATH_SEARCH_PATHS = "$(inherited) @executable_path/Frameworks @loader_path/Frameworks";
				PRODUCT_BUNDLE_IDENTIFIER = com.naerren.JPushTestDemoTests;
				PRODUCT_NAME = "$(TARGET_NAME)";
				TEST_HOST = "$(BUILT_PRODUCTS_DIR)/JPushTestDemo.app/JPushTestDemo";
			};
			name = Release;
		};
		17E3C25B1CB4A37900806815 /* Debug */ = {
			isa = XCBuildConfiguration;
			buildSettings = {
				INFOPLIST_FILE = JPushTestDemoUITests/Info.plist;
				LD_RUNPATH_SEARCH_PATHS = "$(inherited) @executable_path/Frameworks @loader_path/Frameworks";
				PRODUCT_BUNDLE_IDENTIFIER = com.naerren.JPushTestDemoUITests;
				PRODUCT_NAME = "$(TARGET_NAME)";
				TEST_TARGET_NAME = JPushTestDemo;
			};
			name = Debug;
		};
		17E3C25C1CB4A37900806815 /* Release */ = {
			isa = XCBuildConfiguration;
			buildSettings = {
				INFOPLIST_FILE = JPushTestDemoUITests/Info.plist;
				LD_RUNPATH_SEARCH_PATHS = "$(inherited) @executable_path/Frameworks @loader_path/Frameworks";
				PRODUCT_BUNDLE_IDENTIFIER = com.naerren.JPushTestDemoUITests;
				PRODUCT_NAME = "$(TARGET_NAME)";
				TEST_TARGET_NAME = JPushTestDemo;
			};
			name = Release;
		};
/* End XCBuildConfiguration section */

/* Begin XCConfigurationList section */
		17E3C2221CB4A37900806815 /* Build configuration list for PBXProject "JPushTestDemo" */ = {
			isa = XCConfigurationList;
			buildConfigurations = (
				17E3C2521CB4A37900806815 /* Debug */,
				17E3C2531CB4A37900806815 /* Release */,
			);
			defaultConfigurationIsVisible = 0;
			defaultConfigurationName = Release;
		};
		17E3C2541CB4A37900806815 /* Build configuration list for PBXNativeTarget "JPushTestDemo" */ = {
			isa = XCConfigurationList;
			buildConfigurations = (
				17E3C2551CB4A37900806815 /* Debug */,
				17E3C2561CB4A37900806815 /* Release */,
			);
			defaultConfigurationIsVisible = 0;
		};
		17E3C2571CB4A37900806815 /* Build configuration list for PBXNativeTarget "JPushTestDemoTests" */ = {
			isa = XCConfigurationList;
			buildConfigurations = (
				17E3C2581CB4A37900806815 /* Debug */,
				17E3C2591CB4A37900806815 /* Release */,
			);
			defaultConfigurationIsVisible = 0;
		};
		17E3C25A1CB4A37900806815 /* Build configuration list for PBXNativeTarget "JPushTestDemoUITests" */ = {
			isa = XCConfigurationList;
			buildConfigurations = (
				17E3C25B1CB4A37900806815 /* Debug */,
				17E3C25C1CB4A37900806815 /* Release */,
			);
			defaultConfigurationIsVisible = 0;
		};
/* End XCConfigurationList section */
	};
	rootObject = 17E3C21F1CB4A37900806815 /* Project object */;
}
